{
  "name": "angularjs_1_6_routing_tabs_example",
  "version": "1.0.0",
  "lockfileVersion": 1,
  "requires": true,
  "dependencies": {
    "@uirouter/angularjs": {
      "version": "1.0.12",
      "resolved": "https://registry.npmjs.org/@uirouter/angularjs/-/angularjs-1.0.12.tgz",
      "integrity": "sha512-HFOgeunQdMyloWa6mBKVdyq98w09ZjLbY7xAN1RAg4b7Fyfd9qmdW8E14pAUb6BWvAXCYfKstt+03tMNfx8fKg==",
      "requires": {
        "@uirouter/core": "5.0.13"
      }
    },
    "@uirouter/core": {
      "version": "5.0.13",
      "resolved": "https://registry.npmjs.org/@uirouter/core/-/core-5.0.13.tgz",
      "integrity": "sha512-/kC/47ag9uwouGXAgxpRe9j63QbkShddLgowXKifQVwtICfKBMquDe/3nFIPi+k6M9+1LEcRQ29EWGJo4ZoR2g=="
    },
    "angular": {
      "version": "1.6.7",
      "resolved": "https://registry.npmjs.org/angular/-/angular-1.6.7.tgz",
      "integrity": "sha1-D4mDfa4XdrAcyx+iCW2w2Tc9mJc="
    },
    "bootstrap": {
      "version": "3.3.7",
      "resolved": "https://registry.npmjs.org/bootstrap/-/bootstrap-3.3.7.tgz",
      "integrity": "sha1-WjiTlFSfIzMIdaOxUGVldPip63E="
    }
  }
}
